
Microsoft Visual Studio Solution File, Format Version 12.00
# Visual Studio Version 16
VisualStudioVersion = 16.0.31005.135
MinimumVisualStudioVersion = 10.0.40219.1
Project("{FAE04EC0-301F-11D3-BF4B-00C04F79EFBC}") = "FSWebApp", "FSWebApp\FSWebApp.csproj", "{621A3182-A60C-4DD4-95B5-343479FEF089}"
EndProject
Global
	GlobalSection(SolutionConfigurationPlatforms) = preSolution
		Debug|Any CPU = Debug|Any CPU
		Release|Any CPU = Release|Any CPU
	EndGlobalSection
	GlobalSection(ProjectConfigurationPlatforms) = postSolution
		{621A3182-A60C-4DD4-95B5-343479FEF089}.Debug|Any CPU.ActiveCfg = Debug|Any CPU
		{621A3182-A60C-4DD4-95B5-343479FEF089}.Debug|Any CPU.Build.0 = Debug|Any CPU
		{621A3182-A60C-4DD4-95B5-343479FEF089}.Release|Any CPU.ActiveCfg = Release|Any CPU
		{621A3182-A60C-4DD4-95B5-343479FEF089}.Release|Any CPU.Build.0 = Release|Any CPU
	EndGlobalSection
	GlobalSection(SolutionProperties) = preSolution
		HideSolutionNode = FALSE
	EndGlobalSection
	GlobalSection(ExtensibilityGlobals) = postSolution
		SolutionGuid = {F59CD5DE-96D9-4F58-A2A7-1A3311837F04}
	EndGlobalSection
EndGlobal
